
Microsoft Visual Studio Solution File, Format Version 12.00
# Visual Studio Version 17
VisualStudioVersion = 17.9.34723.18
MinimumVisualStudioVersion = 10.0.40219.1
Project("{8BC9CEB8-8B4A-11D0-8D11-00A0C91BC942}") = "x64Sync", "x64Sync.vcxproj", "{E9323BA1-0568-48DB-A7D9-26B7D216B87F}"
EndProject
Project("{8BC9CEB8-8B4A-11D0-8D11-00A0C91BC942}") = "x64dbg_sync", "..\ext_x64dbg\x64dbg_sync\x64dbg_sync.vcxproj", "{BDD87FFE-A2CA-4CB6-859E-7058A59C24C6}"
EndProject
Global
	GlobalSection(SolutionConfigurationPlatforms) = preSolution
		Debug|x64 = Debug|x64
		Debug|x86 = Debug|x86
		Release|x64 = Release|x64
		Release|x86 = Release|x86
	EndGlobalSection
	GlobalSection(ProjectConfigurationPlatforms) = postSolution
		{E9323BA1-0568-48DB-A7D9-26B7D216B87F}.Debug|x64.ActiveCfg = Debug|x64
		{E9323BA1-0568-48DB-A7D9-26B7D216B87F}.Debug|x64.Build.0 = Debug|x64
		{E9323BA1-0568-48DB-A7D9-26B7D216B87F}.Debug|x86.ActiveCfg = Debug|Win32
		{E9323BA1-0568-48DB-A7D9-26B7D216B87F}.Debug|x86.Build.0 = Debug|Win32
		{E9323BA1-0568-48DB-A7D9-26B7D216B87F}.Release|x64.ActiveCfg = Release|x64
		{E9323BA1-0568-48DB-A7D9-26B7D216B87F}.Release|x64.Build.0 = Release|x64
		{E9323BA1-0568-48DB-A7D9-26B7D216B87F}.Release|x86.ActiveCfg = Release|Win32
		{E9323BA1-0568-48DB-A7D9-26B7D216B87F}.Release|x86.Build.0 = Release|Win32
		{BDD87FFE-A2CA-4CB6-859E-7058A59C24C6}.Debug|x64.ActiveCfg = Debug|x64
		{BDD87FFE-A2CA-4CB6-859E-7058A59C24C6}.Debug|x64.Build.0 = Debug|x64
		{BDD87FFE-A2CA-4CB6-859E-7058A59C24C6}.Debug|x86.ActiveCfg = Debug|Win32
		{BDD87FFE-A2CA-4CB6-859E-7058A59C24C6}.Debug|x86.Build.0 = Debug|Win32
		{BDD87FFE-A2CA-4CB6-859E-7058A59C24C6}.Release|x64.ActiveCfg = Release|x64
		{BDD87FFE-A2CA-4CB6-859E-7058A59C24C6}.Release|x64.Build.0 = Release|x64
		{BDD87FFE-A2CA-4CB6-859E-7058A59C24C6}.Release|x86.ActiveCfg = Release|Win32
		{BDD87FFE-A2CA-4CB6-859E-7058A59C24C6}.Release|x86.Build.0 = Release|Win32
	EndGlobalSection
	GlobalSection(SolutionProperties) = preSolution
		HideSolutionNode = FALSE
	EndGlobalSection
	GlobalSection(ExtensibilityGlobals) = postSolution
		SolutionGuid = {C481505D-FD9E-4446-9C89-3D055F762C2F}
	EndGlobalSection
EndGlobal
