<?xml version="1.0" encoding="utf-8"?>
<Project ToolsVersion="4.0" xmlns="http://schemas.microsoft.com/developer/msbuild/2003">
  <ItemGroup>
    <Filter Include="Source Files">
      <UniqueIdentifier>{4FC737F1-C7A5-4376-A066-2A32D752A2FF}</UniqueIdentifier>
      <Extensions>cpp;c;cc;cxx;c++;cppm;ixx;def;odl;idl;hpj;bat;asm;asmx</Extensions>
    </Filter>
    <Filter Include="Header Files">
      <UniqueIdentifier>{93995380-89BD-4b04-88EB-625FBE52EBFB}</UniqueIdentifier>
      <Extensions>h;hh;hpp;hxx;h++;hm;inl;inc;ipp;xsd</Extensions>
    </Filter>
    <Filter Include="Resource Files">
      <UniqueIdentifier>{67DA6AB6-F800-4c08-8B7A-83BB121AAD01}</UniqueIdentifier>
      <Extensions>rc;ico;cur;bmp;dlg;rc2;rct;bin;rgs;gif;jpg;jpeg;jpe;resx;tiff;tif;png;wav;mfcribbon-ms</Extensions>
    </Filter>
    <Filter Include="Header Files\Features">
      <UniqueIdentifier>{a08dbb4a-2bf3-4653-bfd2-9b1b9c9608fb}</UniqueIdentifier>
    </Filter>
    <Filter Include="Source Files\Features">
      <UniqueIdentifier>{a8c0e905-cb0a-4000-b0ee-af70f2260838}</UniqueIdentifier>
    </Filter>
    <Filter Include="Tests">
      <UniqueIdentifier>{8605be0a-24ce-4fb2-b5ca-f665b887e50d}</UniqueIdentifier>
    </Filter>
  </ItemGroup>
  <ItemGroup>
    <ClInclude Include="plugin.h">
      <Filter>Header Files</Filter>
    </ClInclude>
    <ClInclude Include="Client.hpp">
      <Filter>Header Files</Filter>
    </ClInclude>
    <ClInclude Include="Messages.hpp">
      <Filter>Header Files</Filter>
    </ClInclude>
    <ClInclude Include="pluginmain.h">
      <Filter>Header Files</Filter>
    </ClInclude>
    <ClInclude Include="SyncHandler.hpp">
      <Filter>Header Files</Filter>
    </ClInclude>
    <ClInclude Include="LocationSync.hpp">
      <Filter>Header Files\Features</Filter>
    </ClInclude>
    <ClInclude Include="CommentSync.hpp">
      <Filter>Header Files\Features</Filter>
    </ClInclude>
    <ClInclude Include="DebuggerSync.hpp">
      <Filter>Header Files\Features</Filter>
    </ClInclude>
    <ClInclude Include="HyperSync.hpp">
      <Filter>Header Files\Features</Filter>
    </ClInclude>
    <ClInclude Include="ConfigManager.hpp">
      <Filter>Header Files</Filter>
    </ClInclude>
    <ClInclude Include="md5.h">
      <Filter>Header Files</Filter>
    </ClInclude>
  </ItemGroup>
  <ItemGroup>
    <ClCompile Include="plugin.cpp">
      <Filter>Source Files</Filter>
    </ClCompile>
    <ClCompile Include="pluginmain.cpp">
      <Filter>Source Files</Filter>
    </ClCompile>
    <ClCompile Include="Client.cpp">
      <Filter>Source Files</Filter>
    </ClCompile>
    <ClCompile Include="SyncHandler.cpp">
      <Filter>Source Files</Filter>
    </ClCompile>
    <ClCompile Include="LocationSync.cpp">
      <Filter>Source Files\Features</Filter>
    </ClCompile>
    <ClCompile Include="SyncHandlerTest.cpp">
      <Filter>Tests</Filter>
    </ClCompile>
    <ClCompile Include="CommentSync.cpp">
      <Filter>Source Files\Features</Filter>
    </ClCompile>
    <ClCompile Include="DebuggerSync.cpp">
      <Filter>Source Files\Features</Filter>
    </ClCompile>
    <ClCompile Include="HyperSync.cpp">
      <Filter>Source Files\Features</Filter>
    </ClCompile>
    <ClCompile Include="ConfigManager.cpp">
      <Filter>Source Files</Filter>
    </ClCompile>
    <ClCompile Include="md5.cpp">
      <Filter>Source Files</Filter>
    </ClCompile>
  </ItemGroup>
</Project>